
Microsoft Visual Studio Solution File, Format Version 12.00
# Visual Studio Version 17
VisualStudioVersion = 17.13.35825.156 d17.13
MinimumVisualStudioVersion = 10.0.40219.1
Project("{FAE04EC0-301F-11D3-BF4B-00C04F79EFBC}") = "BETL20250324AppWebMVC", "BETL20250324AppWebMVC\BETL20250324AppWebMVC.csproj", "{A9CAF9A7-EA57-4575-8A3B-28CEC3981A20}"
EndProject
Global
	GlobalSection(SolutionConfigurationPlatforms) = preSolution
		Debug|Any CPU = Debug|Any CPU
		Release|Any CPU = Release|Any CPU
	EndGlobalSection
	GlobalSection(ProjectConfigurationPlatforms) = postSolution
		{A9CAF9A7-EA57-4575-8A3B-28CEC3981A20}.Debug|Any CPU.ActiveCfg = Debug|Any CPU
		{A9CAF9A7-EA57-4575-8A3B-28CEC3981A20}.Debug|Any CPU.Build.0 = Debug|Any CPU
		{A9CAF9A7-EA57-4575-8A3B-28CEC3981A20}.Release|Any CPU.ActiveCfg = Release|Any CPU
		{A9CAF9A7-EA57-4575-8A3B-28CEC3981A20}.Release|Any CPU.Build.0 = Release|Any CPU
	EndGlobalSection
	GlobalSection(SolutionProperties) = preSolution
		HideSolutionNode = FALSE
	EndGlobalSection
	GlobalSection(ExtensibilityGlobals) = postSolution
		SolutionGuid = {E4E11067-421F-4EDD-8306-46ACBF7F58AC}
	EndGlobalSection
EndGlobal
